
Microsoft Visual Studio Solution File, Format Version 12.00
# Visual Studio Version 17
VisualStudioVersion = 17.8.34322.80
MinimumVisualStudioVersion = 10.0.40219.1
Project("{FAE04EC0-301F-11D3-BF4B-00C04F79EFBC}") = "Bog5", "Bog5\Bog5.csproj", "{59A62C09-640B-4D6F-AB45-EDA8DF5BEBA7}"
EndProject
Global
	GlobalSection(SolutionConfigurationPlatforms) = preSolution
		Debug|Any CPU = Debug|Any CPU
		Release|Any CPU = Release|Any CPU
	EndGlobalSection
	GlobalSection(ProjectConfigurationPlatforms) = postSolution
		{59A62C09-640B-4D6F-AB45-EDA8DF5BEBA7}.Debug|Any CPU.ActiveCfg = Debug|Any CPU
		{59A62C09-640B-4D6F-AB45-EDA8DF5BEBA7}.Debug|Any CPU.Build.0 = Debug|Any CPU
		{59A62C09-640B-4D6F-AB45-EDA8DF5BEBA7}.Release|Any CPU.ActiveCfg = Release|Any CPU
		{59A62C09-640B-4D6F-AB45-EDA8DF5BEBA7}.Release|Any CPU.Build.0 = Release|Any CPU
	EndGlobalSection
	GlobalSection(SolutionProperties) = preSolution
		HideSolutionNode = FALSE
	EndGlobalSection
	GlobalSection(ExtensibilityGlobals) = postSolution
		SolutionGuid = {8EE5A0EE-3F1F-4476-A2CD-3935872E8D60}
	EndGlobalSection
EndGlobal
