
Microsoft Visual Studio Solution File, Format Version 12.00
# Visual Studio Version 17
VisualStudioVersion = 17.8.34330.188
MinimumVisualStudioVersion = 10.0.40219.1
Project("{FAE04EC0-301F-11D3-BF4B-00C04F79EFBC}") = "Bog18", "Bog18\Bog18.csproj", "{15570289-D1FA-46BB-B811-520975F4AA99}"
EndProject
Global
	GlobalSection(SolutionConfigurationPlatforms) = preSolution
		Debug|Any CPU = Debug|Any CPU
		Release|Any CPU = Release|Any CPU
	EndGlobalSection
	GlobalSection(ProjectConfigurationPlatforms) = postSolution
		{15570289-D1FA-46BB-B811-520975F4AA99}.Debug|Any CPU.ActiveCfg = Debug|Any CPU
		{15570289-D1FA-46BB-B811-520975F4AA99}.Debug|Any CPU.Build.0 = Debug|Any CPU
		{15570289-D1FA-46BB-B811-520975F4AA99}.Release|Any CPU.ActiveCfg = Release|Any CPU
		{15570289-D1FA-46BB-B811-520975F4AA99}.Release|Any CPU.Build.0 = Release|Any CPU
	EndGlobalSection
	GlobalSection(SolutionProperties) = preSolution
		HideSolutionNode = FALSE
	EndGlobalSection
	GlobalSection(ExtensibilityGlobals) = postSolution
		SolutionGuid = {A22E0063-3AB3-4FFC-B119-F8DAC9A56319}
	EndGlobalSection
EndGlobal
