
Microsoft Visual Studio Solution File, Format Version 12.00
# Visual Studio Version 17
VisualStudioVersion = 17.8.34330.188
MinimumVisualStudioVersion = 10.0.40219.1
Project("{FAE04EC0-301F-11D3-BF4B-00C04F79EFBC}") = "Bog15", "Bog15\Bog15.csproj", "{20043C22-A67B-4C39-8730-E474A184EDE1}"
EndProject
Global
	GlobalSection(SolutionConfigurationPlatforms) = preSolution
		Debug|Any CPU = Debug|Any CPU
		Release|Any CPU = Release|Any CPU
	EndGlobalSection
	GlobalSection(ProjectConfigurationPlatforms) = postSolution
		{20043C22-A67B-4C39-8730-E474A184EDE1}.Debug|Any CPU.ActiveCfg = Debug|Any CPU
		{20043C22-A67B-4C39-8730-E474A184EDE1}.Debug|Any CPU.Build.0 = Debug|Any CPU
		{20043C22-A67B-4C39-8730-E474A184EDE1}.Release|Any CPU.ActiveCfg = Release|Any CPU
		{20043C22-A67B-4C39-8730-E474A184EDE1}.Release|Any CPU.Build.0 = Release|Any CPU
	EndGlobalSection
	GlobalSection(SolutionProperties) = preSolution
		HideSolutionNode = FALSE
	EndGlobalSection
	GlobalSection(ExtensibilityGlobals) = postSolution
		SolutionGuid = {773C2B41-FA4F-4F0A-A242-53C36025EE62}
	EndGlobalSection
EndGlobal
