
Microsoft Visual Studio Solution File, Format Version 12.00
# Visual Studio Version 17
VisualStudioVersion = 17.8.34322.80
MinimumVisualStudioVersion = 10.0.40219.1
Project("{FAE04EC0-301F-11D3-BF4B-00C04F79EFBC}") = "Bog2", "Bog2\Bog2.csproj", "{ED6D66F4-F777-4701-B55B-A092B0FDF41D}"
EndProject
Global
	GlobalSection(SolutionConfigurationPlatforms) = preSolution
		Debug|Any CPU = Debug|Any CPU
		Release|Any CPU = Release|Any CPU
	EndGlobalSection
	GlobalSection(ProjectConfigurationPlatforms) = postSolution
		{ED6D66F4-F777-4701-B55B-A092B0FDF41D}.Debug|Any CPU.ActiveCfg = Debug|Any CPU
		{ED6D66F4-F777-4701-B55B-A092B0FDF41D}.Debug|Any CPU.Build.0 = Debug|Any CPU
		{ED6D66F4-F777-4701-B55B-A092B0FDF41D}.Release|Any CPU.ActiveCfg = Release|Any CPU
		{ED6D66F4-F777-4701-B55B-A092B0FDF41D}.Release|Any CPU.Build.0 = Release|Any CPU
	EndGlobalSection
	GlobalSection(SolutionProperties) = preSolution
		HideSolutionNode = FALSE
	EndGlobalSection
	GlobalSection(ExtensibilityGlobals) = postSolution
		SolutionGuid = {5FA2917A-ABD1-4FB3-931F-A831F0DCEC85}
	EndGlobalSection
EndGlobal
