
Microsoft Visual Studio Solution File, Format Version 12.00
# Visual Studio Version 17
VisualStudioVersion = 17.8.34322.80
MinimumVisualStudioVersion = 10.0.40219.1
Project("{FAE04EC0-301F-11D3-BF4B-00C04F79EFBC}") = "Bog4", "Bog4\Bog4.csproj", "{EDF90A19-497C-43B2-A44B-F14B6E850C67}"
EndProject
Global
	GlobalSection(SolutionConfigurationPlatforms) = preSolution
		Debug|Any CPU = Debug|Any CPU
		Release|Any CPU = Release|Any CPU
	EndGlobalSection
	GlobalSection(ProjectConfigurationPlatforms) = postSolution
		{EDF90A19-497C-43B2-A44B-F14B6E850C67}.Debug|Any CPU.ActiveCfg = Debug|Any CPU
		{EDF90A19-497C-43B2-A44B-F14B6E850C67}.Debug|Any CPU.Build.0 = Debug|Any CPU
		{EDF90A19-497C-43B2-A44B-F14B6E850C67}.Release|Any CPU.ActiveCfg = Release|Any CPU
		{EDF90A19-497C-43B2-A44B-F14B6E850C67}.Release|Any CPU.Build.0 = Release|Any CPU
	EndGlobalSection
	GlobalSection(SolutionProperties) = preSolution
		HideSolutionNode = FALSE
	EndGlobalSection
	GlobalSection(ExtensibilityGlobals) = postSolution
		SolutionGuid = {21D710C7-A217-4971-8BC0-B55D83FFFCB9}
	EndGlobalSection
EndGlobal
